
Microsoft Visual Studio Solution File, Format Version 12.00
Project("{2150E333-8FDC-42A3-9474-1A3956D46DE8}") = "src", "src", "{60732621-8F42-4530-9B5C-76480EA81712}"
EndProject
Project("{FAE04EC0-301F-11D3-BF4B-00C04F79EFBC}") = "Domain", "src\Domain\Domain.csproj", "{715D9257-3E34-4F12-BAB4-37BB362962A3}"
EndProject
Project("{2150E333-8FDC-42A3-9474-1A3956D46DE8}") = "tests", "tests", "{58825AAC-861B-4CC7-9752-96A364D8D9D8}"
EndProject
Project("{FAE04EC0-301F-11D3-BF4B-00C04F79EFBC}") = "UnitTests", "tests\UnitTests\UnitTests.csproj", "{D4FC27EE-EDB5-4A5E-AE2A-7073BF9644DD}"
EndProject
Project("{FAE04EC0-301F-11D3-BF4B-00C04F79EFBC}") = "UI", "src\UI\UI.csproj", "{549D810E-81A0-4BB3-BCF3-D2F28C78A02E}"
EndProject
Global
	GlobalSection(SolutionConfigurationPlatforms) = preSolution
		Debug|Any CPU = Debug|Any CPU
		Release|Any CPU = Release|Any CPU
	EndGlobalSection
	GlobalSection(ProjectConfigurationPlatforms) = postSolution
		{715D9257-3E34-4F12-BAB4-37BB362962A3}.Debug|Any CPU.ActiveCfg = Debug|Any CPU
		{715D9257-3E34-4F12-BAB4-37BB362962A3}.Debug|Any CPU.Build.0 = Debug|Any CPU
		{715D9257-3E34-4F12-BAB4-37BB362962A3}.Release|Any CPU.ActiveCfg = Release|Any CPU
		{715D9257-3E34-4F12-BAB4-37BB362962A3}.Release|Any CPU.Build.0 = Release|Any CPU
		{D4FC27EE-EDB5-4A5E-AE2A-7073BF9644DD}.Debug|Any CPU.ActiveCfg = Debug|Any CPU
		{D4FC27EE-EDB5-4A5E-AE2A-7073BF9644DD}.Debug|Any CPU.Build.0 = Debug|Any CPU
		{D4FC27EE-EDB5-4A5E-AE2A-7073BF9644DD}.Release|Any CPU.ActiveCfg = Release|Any CPU
		{D4FC27EE-EDB5-4A5E-AE2A-7073BF9644DD}.Release|Any CPU.Build.0 = Release|Any CPU
		{549D810E-81A0-4BB3-BCF3-D2F28C78A02E}.Debug|Any CPU.ActiveCfg = Debug|Any CPU
		{549D810E-81A0-4BB3-BCF3-D2F28C78A02E}.Debug|Any CPU.Build.0 = Debug|Any CPU
		{549D810E-81A0-4BB3-BCF3-D2F28C78A02E}.Release|Any CPU.ActiveCfg = Release|Any CPU
		{549D810E-81A0-4BB3-BCF3-D2F28C78A02E}.Release|Any CPU.Build.0 = Release|Any CPU
	EndGlobalSection
	GlobalSection(NestedProjects) = preSolution
		{715D9257-3E34-4F12-BAB4-37BB362962A3} = {60732621-8F42-4530-9B5C-76480EA81712}
		{D4FC27EE-EDB5-4A5E-AE2A-7073BF9644DD} = {58825AAC-861B-4CC7-9752-96A364D8D9D8}
		{549D810E-81A0-4BB3-BCF3-D2F28C78A02E} = {60732621-8F42-4530-9B5C-76480EA81712}
	EndGlobalSection
EndGlobal
